
Microsoft Visual Studio Solution File, Format Version 12.00
# Visual Studio Version 16
VisualStudioVersion = 16.0.31424.327
MinimumVisualStudioVersion = 10.0.40219.1
Project("{FAE04EC0-301F-11D3-BF4B-00C04F79EFBC}") = "AppNotas", "AppNotas.csproj", "{A056F78E-F6CF-45C2-A8D3-F8A7A296CBDB}"
EndProject
Global
	GlobalSection(SolutionConfigurationPlatforms) = preSolution
		Debug|Any CPU = Debug|Any CPU
		Release|Any CPU = Release|Any CPU
	EndGlobalSection
	GlobalSection(ProjectConfigurationPlatforms) = postSolution
		{A056F78E-F6CF-45C2-A8D3-F8A7A296CBDB}.Debug|Any CPU.ActiveCfg = Debug|Any CPU
		{A056F78E-F6CF-45C2-A8D3-F8A7A296CBDB}.Debug|Any CPU.Build.0 = Debug|Any CPU
		{A056F78E-F6CF-45C2-A8D3-F8A7A296CBDB}.Release|Any CPU.ActiveCfg = Release|Any CPU
		{A056F78E-F6CF-45C2-A8D3-F8A7A296CBDB}.Release|Any CPU.Build.0 = Release|Any CPU
	EndGlobalSection
	GlobalSection(SolutionProperties) = preSolution
		HideSolutionNode = FALSE
	EndGlobalSection
	GlobalSection(ExtensibilityGlobals) = postSolution
		SolutionGuid = {11C970D8-E3FE-4844-BDA9-6E3B190E2C1E}
	EndGlobalSection
EndGlobal
